
Microsoft Visual Studio Solution File, Format Version 12.00
# Visual Studio Version 16
VisualStudioVersion = 16.0.31321.278
MinimumVisualStudioVersion = 10.0.40219.1
Project("{FAE04EC0-301F-11D3-BF4B-00C04F79EFBC}") = "GroupFunctionsLikeEmpleado", "GroupFunctionsLikeEmpleado\GroupFunctionsLikeEmpleado.csproj", "{F6CD2766-812C-4188-B392-1CC1031A4067}"
EndProject
Global
	GlobalSection(SolutionConfigurationPlatforms) = preSolution
		Debug|Any CPU = Debug|Any CPU
		Release|Any CPU = Release|Any CPU
	EndGlobalSection
	GlobalSection(ProjectConfigurationPlatforms) = postSolution
		{F6CD2766-812C-4188-B392-1CC1031A4067}.Debug|Any CPU.ActiveCfg = Debug|Any CPU
		{F6CD2766-812C-4188-B392-1CC1031A4067}.Debug|Any CPU.Build.0 = Debug|Any CPU
		{F6CD2766-812C-4188-B392-1CC1031A4067}.Release|Any CPU.ActiveCfg = Release|Any CPU
		{F6CD2766-812C-4188-B392-1CC1031A4067}.Release|Any CPU.Build.0 = Release|Any CPU
	EndGlobalSection
	GlobalSection(SolutionProperties) = preSolution
		HideSolutionNode = FALSE
	EndGlobalSection
	GlobalSection(ExtensibilityGlobals) = postSolution
		SolutionGuid = {831964CC-D3AE-49E9-84F3-9E5EACAA72C8}
	EndGlobalSection
EndGlobal
